<?xml version="1.0" encoding="utf-8"?>
<Project ToolsVersion="4.0" xmlns="http://schemas.microsoft.com/developer/msbuild/2003">
  <ItemGroup>
    <Filter Include="Source Files">
      <UniqueIdentifier>{4FC737F1-C7A5-4376-A066-2A32D752A2FF}</UniqueIdentifier>
      <Extensions>cpp;c;cc;cxx;def;odl;idl;hpj;bat;asm;asmx</Extensions>
    </Filter>
    <Filter Include="Header Files">
      <UniqueIdentifier>{93995380-89BD-4b04-88EB-625FBE52EBFB}</UniqueIdentifier>
      <Extensions>h;hh;hpp;hxx;hm;inl;inc;xsd</Extensions>
    </Filter>
    <Filter Include="Resource Files">
      <UniqueIdentifier>{67DA6AB6-F800-4c08-8B7A-83BB121AAD01}</UniqueIdentifier>
      <Extensions>rc;ico;cur;bmp;dlg;rc2;rct;bin;rgs;gif;jpg;jpeg;jpe;resx;tiff;tif;png;wav;mfcribbon-ms</Extensions>
    </Filter>
    <Filter Include="TLSMessages">
      <UniqueIdentifier>{ff7af44a-42e6-4eb3-bc8e-6bc075fa8df4}</UniqueIdentifier>
    </Filter>
    <Filter Include="Extensions">
      <UniqueIdentifier>{ecee39ac-b952-4c11-b806-23f27e12a74a}</UniqueIdentifier>
    </Filter>
  </ItemGroup>
  <ItemGroup>
    <ClCompile Include="main.cpp">
      <Filter>Source Files</Filter>
    </ClCompile>
    <ClCompile Include="TcpSocket.cpp">
      <Filter>Source Files</Filter>
    </ClCompile>
    <ClCompile Include="TcpListenSocket.cpp">
      <Filter>Source Files</Filter>
    </ClCompile>
    <ClCompile Include="TcpClientSocket.cpp">
      <Filter>Source Files</Filter>
    </ClCompile>
    <ClCompile Include="TcpProxy.cpp">
      <Filter>Source Files</Filter>
    </ClCompile>
    <ClCompile Include="TcpProxyWorker.cpp">
      <Filter>Source Files</Filter>
    </ClCompile>
    <ClCompile Include="TcpSocketSelector.cpp">
      <Filter>Source Files</Filter>
    </ClCompile>
    <ClCompile Include="HexPrinter.cpp">
      <Filter>Source Files</Filter>
    </ClCompile>
    <ClCompile Include="ITcpProxyManipulator.cpp">
      <Filter>Source Files</Filter>
    </ClCompile>
    <ClCompile Include="TLSState.cpp">
      <Filter>Source Files</Filter>
    </ClCompile>
    <ClCompile Include="TLS.cpp">
      <Filter>Source Files</Filter>
    </ClCompile>
    <ClCompile Include="ClientHello.cpp">
      <Filter>TLSMessages</Filter>
    </ClCompile>
    <ClCompile Include="ServerNameExtension.cpp">
      <Filter>Extensions</Filter>
    </ClCompile>
    <ClCompile Include="SupportedGroups.cpp">
      <Filter>Extensions</Filter>
    </ClCompile>
    <ClCompile Include="ClientSupportedVersions.cpp">
      <Filter>Extensions</Filter>
    </ClCompile>
    <ClCompile Include="ECPointFormats.cpp">
      <Filter>Extensions</Filter>
    </ClCompile>
    <ClCompile Include="StatusRequest.cpp">
      <Filter>Extensions</Filter>
    </ClCompile>
    <ClCompile Include="SignatureHashAlgorithms.cpp">
      <Filter>Extensions</Filter>
    </ClCompile>
    <ClCompile Include="KeyShare.cpp">
      <Filter>Extensions</Filter>
    </ClCompile>
    <ClCompile Include="PskKeyExchangeModes.cpp">
      <Filter>Extensions</Filter>
    </ClCompile>
    <ClCompile Include="CompressCertificate.cpp">
      <Filter>Extensions</Filter>
    </ClCompile>
    <ClCompile Include="AppLayerProtocolNegotiation.cpp">
      <Filter>Extensions</Filter>
    </ClCompile>
    <ClCompile Include="Padding.cpp">
      <Filter>Extensions</Filter>
    </ClCompile>
    <ClCompile Include="ReservedGREASE.cpp">
      <Filter>Extensions</Filter>
    </ClCompile>
    <ClCompile Include="ExtendedMasterSecret.cpp">
      <Filter>Extensions</Filter>
    </ClCompile>
  </ItemGroup>
  <ItemGroup>
    <ClInclude Include="TcpSocket.h">
      <Filter>Header Files</Filter>
    </ClInclude>
    <ClInclude Include="TcpListenSocket.h">
      <Filter>Header Files</Filter>
    </ClInclude>
    <ClInclude Include="TcpProxy.h">
      <Filter>Header Files</Filter>
    </ClInclude>
    <ClInclude Include="TcpClientSocket.h">
      <Filter>Header Files</Filter>
    </ClInclude>
    <ClInclude Include="TcpProxyWorker.h">
      <Filter>Header Files</Filter>
    </ClInclude>
    <ClInclude Include="TcpSocketSelector.h">
      <Filter>Header Files</Filter>
    </ClInclude>
    <ClInclude Include="HexPrinter.h">
      <Filter>Header Files</Filter>
    </ClInclude>
    <ClInclude Include="TITMParms.h">
      <Filter>Header Files</Filter>
    </ClInclude>
    <ClInclude Include="ITcpProxyManipulator.h">
      <Filter>Header Files</Filter>
    </ClInclude>
    <ClInclude Include="TLS.h">
      <Filter>Header Files</Filter>
    </ClInclude>
    <ClInclude Include="TLSState.h">
      <Filter>Header Files</Filter>
    </ClInclude>
    <ClInclude Include="ClientHello.h">
      <Filter>TLSMessages</Filter>
    </ClInclude>
    <ClInclude Include="ServerNameExtension.h">
      <Filter>Extensions</Filter>
    </ClInclude>
    <ClInclude Include="ITLSExtension.h">
      <Filter>Extensions</Filter>
    </ClInclude>
    <ClInclude Include="ITLSMessage.h">
      <Filter>TLSMessages</Filter>
    </ClInclude>
    <ClInclude Include="SupportedGroups.h">
      <Filter>Extensions</Filter>
    </ClInclude>
    <ClInclude Include="SerializationHelper.h">
      <Filter>Header Files</Filter>
    </ClInclude>
    <ClInclude Include="ClientSupportedVersions.h">
      <Filter>Extensions</Filter>
    </ClInclude>
    <ClInclude Include="ECPointFormats.h">
      <Filter>Extensions</Filter>
    </ClInclude>
    <ClInclude Include="AppLayerProtocolNegotiation.h">
      <Filter>Extensions</Filter>
    </ClInclude>
    <ClInclude Include="StatusRequest.h">
      <Filter>Extensions</Filter>
    </ClInclude>
    <ClInclude Include="SignatureHashAlgorithms.h">
      <Filter>Extensions</Filter>
    </ClInclude>
    <ClInclude Include="NamedGroups.h">
      <Filter>Header Files</Filter>
    </ClInclude>
    <ClInclude Include="KeyShare.h">
      <Filter>Extensions</Filter>
    </ClInclude>
    <ClInclude Include="PskKeyExchangeModes.h">
      <Filter>Extensions</Filter>
    </ClInclude>
    <ClInclude Include="CompressCertificate.h">
      <Filter>Extensions</Filter>
    </ClInclude>
    <ClInclude Include="Padding.h">
      <Filter>Extensions</Filter>
    </ClInclude>
    <ClInclude Include="ReservedGREASE.h">
      <Filter>Extensions</Filter>
    </ClInclude>
    <ClInclude Include="ExtendedMasterSecret.h">
      <Filter>Extensions</Filter>
    </ClInclude>
  </ItemGroup>
</Project>